
Microsoft Visual Studio Solution File, Format Version 12.00
# Visual Studio 14
VisualStudioVersion = 14.0.25420.1
MinimumVisualStudioVersion = 10.0.40219.1
Project("{FAE04EC0-301F-11D3-BF4B-00C04F79EFBC}") = "TestMsBuild", "TestMsBuild\TestMsBuild.csproj", "{63A024A0-C0E7-4914-A019-8EFD114E8E47}"
EndProject
Project("{FAE04EC0-301F-11D3-BF4B-00C04F79EFBC}") = "TestMsBuildTests", "TestMsBuildTests\TestMsBuildTests.csproj", "{14151467-CD37-4BD4-8D8B-960937BFF1B5}"
EndProject
Global
	GlobalSection(SolutionConfigurationPlatforms) = preSolution
		Debug|Any CPU = Debug|Any CPU
		Release|Any CPU = Release|Any CPU
	EndGlobalSection
	GlobalSection(ProjectConfigurationPlatforms) = postSolution
		{63A024A0-C0E7-4914-A019-8EFD114E8E47}.Debug|Any CPU.ActiveCfg = Debug|Any CPU
		{63A024A0-C0E7-4914-A019-8EFD114E8E47}.Debug|Any CPU.Build.0 = Debug|Any CPU
		{63A024A0-C0E7-4914-A019-8EFD114E8E47}.Release|Any CPU.ActiveCfg = Release|Any CPU
		{63A024A0-C0E7-4914-A019-8EFD114E8E47}.Release|Any CPU.Build.0 = Release|Any CPU
		{14151467-CD37-4BD4-8D8B-960937BFF1B5}.Debug|Any CPU.ActiveCfg = Debug|Any CPU
		{14151467-CD37-4BD4-8D8B-960937BFF1B5}.Debug|Any CPU.Build.0 = Debug|Any CPU
		{14151467-CD37-4BD4-8D8B-960937BFF1B5}.Release|Any CPU.ActiveCfg = Release|Any CPU
		{14151467-CD37-4BD4-8D8B-960937BFF1B5}.Release|Any CPU.Build.0 = Release|Any CPU
	EndGlobalSection
	GlobalSection(SolutionProperties) = preSolution
		HideSolutionNode = FALSE
	EndGlobalSection
EndGlobal
